// !$*UTF8*$!
{
	archiveVersion = 1;
	classes = {
	};
	objectVersion = 46;
	objects = {

/* Begin PBXBuildFile section */
		25409441406A5C60CFF86AA0 /* Pods_ddots2UITests.framework in Frameworks */ = {isa = PBXBuildFile; fileRef = 73DE70E0C28A7003E5FBD21A /* Pods_ddots2UITests.framework */; };
		32688E02E7A241B6470CADD2 /* Pods_ddots2.framework in Frameworks */ = {isa = PBXBuildFile; fileRef = 6167B0A16AE4AEAD631F6C1C /* Pods_ddots2.framework */; };
		656F6BCF2170B49F997C6994 /* Pods_ddots2Tests.framework in Frameworks */ = {isa = PBXBuildFile; fileRef = 7081D5982766AB3EEB39A363 /* Pods_ddots2Tests.framework */; };
		8617AE101E15A1B400D13B90 /* AppDelegate.swift in Sources */ = {isa = PBXBuildFile; fileRef = 8617AE0F1E15A1B400D13B90 /* AppDelegate.swift */; };
		8617AE121E15A1B400D13B90 /* GameScene.sks in Resources */ = {isa = PBXBuildFile; fileRef = 8617AE111E15A1B400D13B90 /* GameScene.sks */; };
		8617AE141E15A1B400D13B90 /* Actions.sks in Resources */ = {isa = PBXBuildFile; fileRef = 8617AE131E15A1B400D13B90 /* Actions.sks */; };
		8617AE161E15A1B400D13B90 /* GameScene.swift in Sources */ = {isa = PBXBuildFile; fileRef = 8617AE151E15A1B400D13B90 /* GameScene.swift */; };
		8617AE181E15A1B400D13B90 /* GameViewController.swift in Sources */ = {isa = PBXBuildFile; fileRef = 8617AE171E15A1B400D13B90 /* GameViewController.swift */; };
		8617AE1B1E15A1B400D13B90 /* Main.storyboard in Resources */ = {isa = PBXBuildFile; fileRef = 8617AE191E15A1B400D13B90 /* Main.storyboard */; };
		8617AE1D1E15A1B400D13B90 /* Assets.xcassets in Resources */ = {isa = PBXBuildFile; fileRef = 8617AE1C1E15A1B400D13B90 /* Assets.xcassets */; };
		8617AE2B1E15A1B400D13B90 /* ddots2Tests.swift in Sources */ = {isa = PBXBuildFile; fileRef = 8617AE2A1E15A1B400D13B90 /* ddots2Tests.swift */; };
		8617AE361E15A1B400D13B90 /* ddots2UITests.swift in Sources */ = {isa = PBXBuildFile; fileRef = 8617AE351E15A1B400D13B90 /* ddots2UITests.swift */; };
		8628CEBB1E1B8195007B5985 /* SwiftyStoreKit.framework in Frameworks */ = {isa = PBXBuildFile; fileRef = 8628CEBA1E1B8195007B5985 /* SwiftyStoreKit.framework */; };
		865570C71E172F0C00F2D173 /* dotExplode.sks in Resources */ = {isa = PBXBuildFile; fileRef = 865570C61E172F0C00F2D173 /* dotExplode.sks */; };
		86703BAC1E1B4F0700CB481D /* GoogleMobileAds.framework in Frameworks */ = {isa = PBXBuildFile; fileRef = 86703BAB1E1B4F0700CB481D /* GoogleMobileAds.framework */; };
		86703BAE1E1B4F3000CB481D /* GoogleService-Info.plist in Resources */ = {isa = PBXBuildFile; fileRef = 86703BAD1E1B4F3000CB481D /* GoogleService-Info.plist */; };
		869C8BA41E1AF1B3005AF369 /* GameKit.framework in Frameworks */ = {isa = PBXBuildFile; fileRef = 869C8BA31E1AF1B3005AF369 /* GameKit.framework */; };
		86CE4F951E21A816008608A7 /* Daniel's song.m4a in Resources */ = {isa = PBXBuildFile; fileRef = 86CE4F941E21A816008608A7 /* Daniel's song.m4a */; };
		86CE4F9B1E21BDF4008608A7 /* Launch Screen.storyboard in Resources */ = {isa = PBXBuildFile; fileRef = 86CE4F9A1E21BDF4008608A7 /* Launch Screen.storyboard */; };
		86D1967C1E1B718100D5B43A /* NetworkActivityIndicatorManager.swift in Sources */ = {isa = PBXBuildFile; fileRef = 86D1967B1E1B718100D5B43A /* NetworkActivityIndicatorManager.swift */; };
		86D1967E1E1B765C00D5B43A /* ViewControllerExtension.swift in Sources */ = {isa = PBXBuildFile; fileRef = 86D1967D1E1B765C00D5B43A /* ViewControllerExtension.swift */; };
		86E152EA1E1760080094D0D9 /* README.md in Sources */ = {isa = PBXBuildFile; fileRef = 86E152E91E1760080094D0D9 /* README.md */; };
/* End PBXBuildFile section */

/* Begin PBXContainerItemProxy section */
		8617AE271E15A1B400D13B90 /* PBXContainerItemProxy */ = {
			isa = PBXContainerItemProxy;
			containerPortal = 8617AE041E15A1B400D13B90 /* Project object */;
			proxyType = 1;
			remoteGlobalIDString = 8617AE0B1E15A1B400D13B90;
			remoteInfo = ddots2;
		};
		8617AE321E15A1B400D13B90 /* PBXContainerItemProxy */ = {
			isa = PBXContainerItemProxy;
			containerPortal = 8617AE041E15A1B400D13B90 /* Project object */;
			proxyType = 1;
			remoteGlobalIDString = 8617AE0B1E15A1B400D13B90;
			remoteInfo = ddots2;
		};
/* End PBXContainerItemProxy section */

/* Begin PBXFileReference section */
		30DA5E2E1E80D67E77BA8A83 /* Pods-ddots2Tests.debug.xcconfig */ = {isa = PBXFileReference; includeInIndex = 1; lastKnownFileType = text.xcconfig; name = "Pods-ddots2Tests.debug.xcconfig"; path = "Pods/Target Support Files/Pods-ddots2Tests/Pods-ddots2Tests.debug.xcconfig"; sourceTree = "<group>"; };
		37F7B349D431776B1D7FEB75 /* Pods-ddots2UITests.debug.xcconfig */ = {isa = PBXFileReference; includeInIndex = 1; lastKnownFileType = text.xcconfig; name = "Pods-ddots2UITests.debug.xcconfig"; path = "Pods/Target Support Files/Pods-ddots2UITests/Pods-ddots2UITests.debug.xcconfig"; sourceTree = "<group>"; };
		6167B0A16AE4AEAD631F6C1C /* Pods_ddots2.framework */ = {isa = PBXFileReference; explicitFileType = wrapper.framework; includeInIndex = 0; path = Pods_ddots2.framework; sourceTree = BUILT_PRODUCTS_DIR; };
		7081D5982766AB3EEB39A363 /* Pods_ddots2Tests.framework */ = {isa = PBXFileReference; explicitFileType = wrapper.framework; includeInIndex = 0; path = Pods_ddots2Tests.framework; sourceTree = BUILT_PRODUCTS_DIR; };
		715E255F958AD9C87C96618C /* Pods-ddots2Tests.release.xcconfig */ = {isa = PBXFileReference; includeInIndex = 1; lastKnownFileType = text.xcconfig; name = "Pods-ddots2Tests.release.xcconfig"; path = "Pods/Target Support Files/Pods-ddots2Tests/Pods-ddots2Tests.release.xcconfig"; sourceTree = "<group>"; };
		73DE70E0C28A7003E5FBD21A /* Pods_ddots2UITests.framework */ = {isa = PBXFileReference; explicitFileType = wrapper.framework; includeInIndex = 0; path = Pods_ddots2UITests.framework; sourceTree = BUILT_PRODUCTS_DIR; };
		8617AE0C1E15A1B400D13B90 /* ddots2.app */ = {isa = PBXFileReference; explicitFileType = wrapper.application; includeInIndex = 0; path = ddots2.app; sourceTree = BUILT_PRODUCTS_DIR; };
		8617AE0F1E15A1B400D13B90 /* AppDelegate.swift */ = {isa = PBXFileReference; lastKnownFileType = sourcecode.swift; path = AppDelegate.swift; sourceTree = "<group>"; };
		8617AE111E15A1B400D13B90 /* GameScene.sks */ = {isa = PBXFileReference; lastKnownFileType = file.sks; path = GameScene.sks; sourceTree = "<group>"; };
		8617AE131E15A1B400D13B90 /* Actions.sks */ = {isa = PBXFileReference; lastKnownFileType = file.sks; path = Actions.sks; sourceTree = "<group>"; };
		8617AE151E15A1B400D13B90 /* GameScene.swift */ = {isa = PBXFileReference; lastKnownFileType = sourcecode.swift; path = GameScene.swift; sourceTree = "<group>"; };
		8617AE171E15A1B400D13B90 /* GameViewController.swift */ = {isa = PBXFileReference; lastKnownFileType = sourcecode.swift; path = GameViewController.swift; sourceTree = "<group>"; };
		8617AE1A1E15A1B400D13B90 /* Base */ = {isa = PBXFileReference; lastKnownFileType = file.storyboard; name = Base; path = Base.lproj/Main.storyboard; sourceTree = "<group>"; };
		8617AE1C1E15A1B400D13B90 /* Assets.xcassets */ = {isa = PBXFileReference; lastKnownFileType = folder.assetcatalog; path = Assets.xcassets; sourceTree = "<group>"; };
		8617AE211E15A1B400D13B90 /* Info.plist */ = {isa = PBXFileReference; lastKnownFileType = text.plist.xml; path = Info.plist; sourceTree = "<group>"; };
		8617AE261E15A1B400D13B90 /* ddots2Tests.xctest */ = {isa = PBXFileReference; explicitFileType = wrapper.cfbundle; includeInIndex = 0; path = ddots2Tests.xctest; sourceTree = BUILT_PRODUCTS_DIR; };
		8617AE2A1E15A1B400D13B90 /* ddots2Tests.swift */ = {isa = PBXFileReference; lastKnownFileType = sourcecode.swift; path = ddots2Tests.swift; sourceTree = "<group>"; };
		8617AE2C1E15A1B400D13B90 /* Info.plist */ = {isa = PBXFileReference; lastKnownFileType = text.plist.xml; path = Info.plist; sourceTree = "<group>"; };
		8617AE311E15A1B400D13B90 /* ddots2UITests.xctest */ = {isa = PBXFileReference; explicitFileType = wrapper.cfbundle; includeInIndex = 0; path = ddots2UITests.xctest; sourceTree = BUILT_PRODUCTS_DIR; };
		8617AE351E15A1B400D13B90 /* ddots2UITests.swift */ = {isa = PBXFileReference; lastKnownFileType = sourcecode.swift; path = ddots2UITests.swift; sourceTree = "<group>"; };
		8617AE371E15A1B400D13B90 /* Info.plist */ = {isa = PBXFileReference; lastKnownFileType = text.plist.xml; path = Info.plist; sourceTree = "<group>"; };
		8628CEBA1E1B8195007B5985 /* SwiftyStoreKit.framework */ = {isa = PBXFileReference; lastKnownFileType = wrapper.framework; name = SwiftyStoreKit.framework; path = "../../Library/Developer/Xcode/DerivedData/ddots2-frgpavknpaeqnlhfqbxnixsjbjdm/Build/Products/Debug-iphoneos/SwiftyStoreKit/SwiftyStoreKit.framework"; sourceTree = "<group>"; };
		865570C61E172F0C00F2D173 /* dotExplode.sks */ = {isa = PBXFileReference; lastKnownFileType = file.sks; path = dotExplode.sks; sourceTree = "<group>"; };
		86703BAB1E1B4F0700CB481D /* GoogleMobileAds.framework */ = {isa = PBXFileReference; lastKnownFileType = wrapper.framework; path = GoogleMobileAds.framework; sourceTree = "<group>"; };
		86703BAD1E1B4F3000CB481D /* GoogleService-Info.plist */ = {isa = PBXFileReference; fileEncoding = 4; lastKnownFileType = text.plist.xml; path = "GoogleService-Info.plist"; sourceTree = "<group>"; };
		869C8BA31E1AF1B3005AF369 /* GameKit.framework */ = {isa = PBXFileReference; lastKnownFileType = wrapper.framework; name = GameKit.framework; path = System/Library/Frameworks/GameKit.framework; sourceTree = SDKROOT; };
		86CE4F921E21A7D0008608A7 /* AVFoundation.framework */ = {isa = PBXFileReference; lastKnownFileType = wrapper.framework; name = AVFoundation.framework; path = System/Library/Frameworks/AVFoundation.framework; sourceTree = SDKROOT; };
		86CE4F941E21A816008608A7 /* Daniel's song.m4a */ = {isa = PBXFileReference; lastKnownFileType = file; path = "Daniel's song.m4a"; sourceTree = "<group>"; };
		86CE4F9A1E21BDF4008608A7 /* Launch Screen.storyboard */ = {isa = PBXFileReference; fileEncoding = 4; lastKnownFileType = file.storyboard; path = "Launch Screen.storyboard"; sourceTree = "<group>"; };
		86D1967B1E1B718100D5B43A /* NetworkActivityIndicatorManager.swift */ = {isa = PBXFileReference; fileEncoding = 4; lastKnownFileType = sourcecode.swift; path = NetworkActivityIndicatorManager.swift; sourceTree = "<group>"; };
		86D1967D1E1B765C00D5B43A /* ViewControllerExtension.swift */ = {isa = PBXFileReference; fileEncoding = 4; lastKnownFileType = sourcecode.swift; path = ViewControllerExtension.swift; sourceTree = "<group>"; };
		86E152E91E1760080094D0D9 /* README.md */ = {isa = PBXFileReference; fileEncoding = 4; lastKnownFileType = net.daringfireball.markdown; path = README.md; sourceTree = "<group>"; };
		926E85019767225C458EF742 /* Pods-ddots2.debug.xcconfig */ = {isa = PBXFileReference; includeInIndex = 1; lastKnownFileType = text.xcconfig; name = "Pods-ddots2.debug.xcconfig"; path = "Pods/Target Support Files/Pods-ddots2/Pods-ddots2.debug.xcconfig"; sourceTree = "<group>"; };
		A4591703B5DD4D5328836D7A /* Pods-ddots2UITests.release.xcconfig */ = {isa = PBXFileReference; includeInIndex = 1; lastKnownFileType = text.xcconfig; name = "Pods-ddots2UITests.release.xcconfig"; path = "Pods/Target Support Files/Pods-ddots2UITests/Pods-ddots2UITests.release.xcconfig"; sourceTree = "<group>"; };
		E74AC11CDD4DF4A8CF91F771 /* Pods-ddots2.release.xcconfig */ = {isa = PBXFileReference; includeInIndex = 1; lastKnownFileType = text.xcconfig; name = "Pods-ddots2.release.xcconfig"; path = "Pods/Target Support Files/Pods-ddots2/Pods-ddots2.release.xcconfig"; sourceTree = "<group>"; };
/* End PBXFileReference section */

/* Begin PBXFrameworksBuildPhase section */
		8617AE091E15A1B400D13B90 /* Frameworks */ = {
			isa = PBXFrameworksBuildPhase;
			buildActionMask = 2147483647;
			files = (
				8628CEBB1E1B8195007B5985 /* SwiftyStoreKit.framework in Frameworks */,
				86703BAC1E1B4F0700CB481D /* GoogleMobileAds.framework in Frameworks */,
				869C8BA41E1AF1B3005AF369 /* GameKit.framework in Frameworks */,
				32688E02E7A241B6470CADD2 /* Pods_ddots2.framework in Frameworks */,
			);
			runOnlyForDeploymentPostprocessing = 0;
		};
		8617AE231E15A1B400D13B90 /* Frameworks */ = {
			isa = PBXFrameworksBuildPhase;
			buildActionMask = 2147483647;
			files = (
				656F6BCF2170B49F997C6994 /* Pods_ddots2Tests.framework in Frameworks */,
			);
			runOnlyForDeploymentPostprocessing = 0;
		};
		8617AE2E1E15A1B400D13B90 /* Frameworks */ = {
			isa = PBXFrameworksBuildPhase;
			buildActionMask = 2147483647;
			files = (
				25409441406A5C60CFF86AA0 /* Pods_ddots2UITests.framework in Frameworks */,
			);
			runOnlyForDeploymentPostprocessing = 0;
		};
/* End PBXFrameworksBuildPhase section */

/* Begin PBXGroup section */
		8617AE031E15A1B400D13B90 = {
			isa = PBXGroup;
			children = (
				86E152E91E1760080094D0D9 /* README.md */,
				8617AE0E1E15A1B400D13B90 /* ddots2 */,
				8617AE291E15A1B400D13B90 /* ddots2Tests */,
				8617AE341E15A1B400D13B90 /* ddots2UITests */,
				8617AE0D1E15A1B400D13B90 /* Products */,
				869C8BA21E1AF1B3005AF369 /* Frameworks */,
				C31D7C87196A9B65F5EF7BCB /* Pods */,
			);
			sourceTree = "<group>";
		};
		8617AE0D1E15A1B400D13B90 /* Products */ = {
			isa = PBXGroup;
			children = (
				8617AE0C1E15A1B400D13B90 /* ddots2.app */,
				8617AE261E15A1B400D13B90 /* ddots2Tests.xctest */,
				8617AE311E15A1B400D13B90 /* ddots2UITests.xctest */,
			);
			name = Products;
			sourceTree = "<group>";
		};
		8617AE0E1E15A1B400D13B90 /* ddots2 */ = {
			isa = PBXGroup;
			children = (
				86703BAD1E1B4F3000CB481D /* GoogleService-Info.plist */,
				86703BAB1E1B4F0700CB481D /* GoogleMobileAds.framework */,
				8617AE0F1E15A1B400D13B90 /* AppDelegate.swift */,
				8617AE111E15A1B400D13B90 /* GameScene.sks */,
				8617AE131E15A1B400D13B90 /* Actions.sks */,
				8617AE151E15A1B400D13B90 /* GameScene.swift */,
				86D1967D1E1B765C00D5B43A /* ViewControllerExtension.swift */,
				86D1967B1E1B718100D5B43A /* NetworkActivityIndicatorManager.swift */,
				865570C61E172F0C00F2D173 /* dotExplode.sks */,
				8617AE171E15A1B400D13B90 /* GameViewController.swift */,
				8617AE191E15A1B400D13B90 /* Main.storyboard */,
				86CE4F9A1E21BDF4008608A7 /* Launch Screen.storyboard */,
				8617AE1C1E15A1B400D13B90 /* Assets.xcassets */,
				8617AE211E15A1B400D13B90 /* Info.plist */,
				86CE4F941E21A816008608A7 /* Daniel's song.m4a */,
			);
			path = ddots2;
			sourceTree = "<group>";
		};
		8617AE291E15A1B400D13B90 /* ddots2Tests */ = {
			isa = PBXGroup;
			children = (
				8617AE2A1E15A1B400D13B90 /* ddots2Tests.swift */,
				8617AE2C1E15A1B400D13B90 /* Info.plist */,
			);
			path = ddots2Tests;
			sourceTree = "<group>";
		};
		8617AE341E15A1B400D13B90 /* ddots2UITests */ = {
			isa = PBXGroup;
			children = (
				8617AE351E15A1B400D13B90 /* ddots2UITests.swift */,
				8617AE371E15A1B400D13B90 /* Info.plist */,
			);
			path = ddots2UITests;
			sourceTree = "<group>";
		};
		869C8BA21E1AF1B3005AF369 /* Frameworks */ = {
			isa = PBXGroup;
			children = (
				86CE4F921E21A7D0008608A7 /* AVFoundation.framework */,
				8628CEBA1E1B8195007B5985 /* SwiftyStoreKit.framework */,
				869C8BA31E1AF1B3005AF369 /* GameKit.framework */,
				6167B0A16AE4AEAD631F6C1C /* Pods_ddots2.framework */,
				7081D5982766AB3EEB39A363 /* Pods_ddots2Tests.framework */,
				73DE70E0C28A7003E5FBD21A /* Pods_ddots2UITests.framework */,
			);
			name = Frameworks;
			sourceTree = "<group>";
		};
		C31D7C87196A9B65F5EF7BCB /* Pods */ = {
			isa = PBXGroup;
			children = (
				926E85019767225C458EF742 /* Pods-ddots2.debug.xcconfig */,
				E74AC11CDD4DF4A8CF91F771 /* Pods-ddots2.release.xcconfig */,
				30DA5E2E1E80D67E77BA8A83 /* Pods-ddots2Tests.debug.xcconfig */,
				715E255F958AD9C87C96618C /* Pods-ddots2Tests.release.xcconfig */,
				37F7B349D431776B1D7FEB75 /* Pods-ddots2UITests.debug.xcconfig */,
				A4591703B5DD4D5328836D7A /* Pods-ddots2UITests.release.xcconfig */,
			);
			name = Pods;
			sourceTree = "<group>";
		};
/* End PBXGroup section */

/* Begin PBXNativeTarget section */
		8617AE0B1E15A1B400D13B90 /* ddots2 */ = {
			isa = PBXNativeTarget;
			buildConfigurationList = 8617AE3A1E15A1B400D13B90 /* Build configuration list for PBXNativeTarget "ddots2" */;
			buildPhases = (
				66E450813C08DCDAFD61D154 /* [CP] Check Pods Manifest.lock */,
				8617AE081E15A1B400D13B90 /* Sources */,
				8617AE091E15A1B400D13B90 /* Frameworks */,
				8617AE0A1E15A1B400D13B90 /* Resources */,
				D076E28C7145FBF2394026CA /* [CP] Embed Pods Frameworks */,
				62D52380D9CABDEC01352069 /* [CP] Copy Pods Resources */,
			);
			buildRules = (
			);
			dependencies = (
			);
			name = ddots2;
			productName = ddots2;
			productReference = 8617AE0C1E15A1B400D13B90 /* ddots2.app */;
			productType = "com.apple.product-type.application";
		};
		8617AE251E15A1B400D13B90 /* ddots2Tests */ = {
			isa = PBXNativeTarget;
			buildConfigurationList = 8617AE3D1E15A1B400D13B90 /* Build configuration list for PBXNativeTarget "ddots2Tests" */;
			buildPhases = (
				51A7F2E1CA85B44D0F9DCE58 /* [CP] Check Pods Manifest.lock */,
				8617AE221E15A1B400D13B90 /* Sources */,
				8617AE231E15A1B400D13B90 /* Frameworks */,
				8617AE241E15A1B400D13B90 /* Resources */,
				12E106046E5BBEAA8A39E71F /* [CP] Embed Pods Frameworks */,
				318AC7F83B3A2BA2943C1E07 /* [CP] Copy Pods Resources */,
			);
			buildRules = (
			);
			dependencies = (
				8617AE281E15A1B400D13B90 /* PBXTargetDependency */,
			);
			name = ddots2Tests;
			productName = ddots2Tests;
			productReference = 8617AE261E15A1B400D13B90 /* ddots2Tests.xctest */;
			productType = "com.apple.product-type.bundle.unit-test";
		};
		8617AE301E15A1B400D13B90 /* ddots2UITests */ = {
			isa = PBXNativeTarget;
			buildConfigurationList = 8617AE401E15A1B400D13B90 /* Build configuration list for PBXNativeTarget "ddots2UITests" */;
			buildPhases = (
				4EC38EF521C7831195B6D6EF /* [CP] Check Pods Manifest.lock */,
				8617AE2D1E15A1B400D13B90 /* Sources */,
				8617AE2E1E15A1B400D13B90 /* Frameworks */,
				8617AE2F1E15A1B400D13B90 /* Resources */,
				8DBA2E504F382FFCA340745B /* [CP] Embed Pods Frameworks */,
				118D84DCCFBCAB37688AF945 /* [CP] Copy Pods Resources */,
			);
			buildRules = (
			);
			dependencies = (
				8617AE331E15A1B400D13B90 /* PBXTargetDependency */,
			);
			name = ddots2UITests;
			productName = ddots2UITests;
			productReference = 8617AE311E15A1B400D13B90 /* ddots2UITests.xctest */;
			productType = "com.apple.product-type.bundle.ui-testing";
		};
/* End PBXNativeTarget section */

/* Begin PBXProject section */
		8617AE041E15A1B400D13B90 /* Project object */ = {
			isa = PBXProject;
			attributes = {
				LastSwiftUpdateCheck = 0820;
				LastUpgradeCheck = 0820;
				ORGANIZATIONNAME = Platiplur;
				TargetAttributes = {
					8617AE0B1E15A1B400D13B90 = {
						CreatedOnToolsVersion = 8.2.1;
						DevelopmentTeam = S6V7RL6ERR;
						ProvisioningStyle = Automatic;
						SystemCapabilities = {
							com.apple.GameCenter = {
								enabled = 1;
							};
							com.apple.InAppPurchase = {
								enabled = 0;
							};
						};
					};
					8617AE251E15A1B400D13B90 = {
						CreatedOnToolsVersion = 8.2.1;
						DevelopmentTeam = S6V7RL6ERR;
						ProvisioningStyle = Automatic;
						TestTargetID = 8617AE0B1E15A1B400D13B90;
					};
					8617AE301E15A1B400D13B90 = {
						CreatedOnToolsVersion = 8.2.1;
						DevelopmentTeam = S6V7RL6ERR;
						ProvisioningStyle = Automatic;
						TestTargetID = 8617AE0B1E15A1B400D13B90;
					};
				};
			};
			buildConfigurationList = 8617AE071E15A1B400D13B90 /* Build configuration list for PBXProject "ddots2" */;
			compatibilityVersion = "Xcode 3.2";
			developmentRegion = English;
			hasScannedForEncodings = 0;
			knownRegions = (
				en,
				Base,
			);
			mainGroup = 8617AE031E15A1B400D13B90;
			productRefGroup = 8617AE0D1E15A1B400D13B90 /* Products */;
			projectDirPath = "";
			projectRoot = "";
			targets = (
				8617AE0B1E15A1B400D13B90 /* ddots2 */,
				8617AE251E15A1B400D13B90 /* ddots2Tests */,
				8617AE301E15A1B400D13B90 /* ddots2UITests */,
			);
		};
/* End PBXProject section */

/* Begin PBXResourcesBuildPhase section */
		8617AE0A1E15A1B400D13B90 /* Resources */ = {
			isa = PBXResourcesBuildPhase;
			buildActionMask = 2147483647;
			files = (
				8617AE1B1E15A1B400D13B90 /* Main.storyboard in Resources */,
				8617AE121E15A1B400D13B90 /* GameScene.sks in Resources */,
				86CE4F9B1E21BDF4008608A7 /* Launch Screen.storyboard in Resources */,
				8617AE1D1E15A1B400D13B90 /* Assets.xcassets in Resources */,
				8617AE141E15A1B400D13B90 /* Actions.sks in Resources */,
				865570C71E172F0C00F2D173 /* dotExplode.sks in Resources */,
				86703BAE1E1B4F3000CB481D /* GoogleService-Info.plist in Resources */,
				86CE4F951E21A816008608A7 /* Daniel's song.m4a in Resources */,
			);
			runOnlyForDeploymentPostprocessing = 0;
		};
		8617AE241E15A1B400D13B90 /* Resources */ = {
			isa = PBXResourcesBuildPhase;
			buildActionMask = 2147483647;
			files = (
			);
			runOnlyForDeploymentPostprocessing = 0;
		};
		8617AE2F1E15A1B400D13B90 /* Resources */ = {
			isa = PBXResourcesBuildPhase;
			buildActionMask = 2147483647;
			files = (
			);
			runOnlyForDeploymentPostprocessing = 0;
		};
/* End PBXResourcesBuildPhase section */

/* Begin PBXShellScriptBuildPhase section */
		118D84DCCFBCAB37688AF945 /* [CP] Copy Pods Resources */ = {
			isa = PBXShellScriptBuildPhase;
			buildActionMask = 2147483647;
			files = (
			);
			inputPaths = (
			);
			name = "[CP] Copy Pods Resources";
			outputPaths = (
			);
			runOnlyForDeploymentPostprocessing = 0;
			shellPath = /bin/sh;
			shellScript = "\"${SRCROOT}/Pods/Target Support Files/Pods-ddots2UITests/Pods-ddots2UITests-resources.sh\"\n";
			showEnvVarsInLog = 0;
		};
		12E106046E5BBEAA8A39E71F /* [CP] Embed Pods Frameworks */ = {
			isa = PBXShellScriptBuildPhase;
			buildActionMask = 2147483647;
			files = (
			);
			inputPaths = (
			);
			name = "[CP] Embed Pods Frameworks";
			outputPaths = (
			);
			runOnlyForDeploymentPostprocessing = 0;
			shellPath = /bin/sh;
			shellScript = "\"${SRCROOT}/Pods/Target Support Files/Pods-ddots2Tests/Pods-ddots2Tests-frameworks.sh\"\n";
			showEnvVarsInLog = 0;
		};
		318AC7F83B3A2BA2943C1E07 /* [CP] Copy Pods Resources */ = {
			isa = PBXShellScriptBuildPhase;
			buildActionMask = 2147483647;
			files = (
			);
			inputPaths = (
			);
			name = "[CP] Copy Pods Resources";
			outputPaths = (
			);
			runOnlyForDeploymentPostprocessing = 0;
			shellPath = /bin/sh;
			shellScript = "\"${SRCROOT}/Pods/Target Support Files/Pods-ddots2Tests/Pods-ddots2Tests-resources.sh\"\n";
			showEnvVarsInLog = 0;
		};
		4EC38EF521C7831195B6D6EF /* [CP] Check Pods Manifest.lock */ = {
			isa = PBXShellScriptBuildPhase;
			buildActionMask = 2147483647;
			files = (
			);
			inputPaths = (
			);
			name = "[CP] Check Pods Manifest.lock";
			outputPaths = (
			);
			runOnlyForDeploymentPostprocessing = 0;
			shellPath = /bin/sh;
			shellScript = "diff \"${PODS_ROOT}/../Podfile.lock\" \"${PODS_ROOT}/Manifest.lock\" > /dev/null\nif [ $? != 0 ] ; then\n    # print error to STDERR\n    echo \"error: The sandbox is not in sync with the Podfile.lock. Run 'pod install' or update your CocoaPods installation.\" >&2\n    exit 1\nfi\n";
			showEnvVarsInLog = 0;
		};
		51A7F2E1CA85B44D0F9DCE58 /* [CP] Check Pods Manifest.lock */ = {
			isa = PBXShellScriptBuildPhase;
			buildActionMask = 2147483647;
			files = (
			);
			inputPaths = (
			);
			name = "[CP] Check Pods Manifest.lock";
			outputPaths = (
			);
			runOnlyForDeploymentPostprocessing = 0;
			shellPath = /bin/sh;
			shellScript = "diff \"${PODS_ROOT}/../Podfile.lock\" \"${PODS_ROOT}/Manifest.lock\" > /dev/null\nif [ $? != 0 ] ; then\n    # print error to STDERR\n    echo \"error: The sandbox is not in sync with the Podfile.lock. Run 'pod install' or update your CocoaPods installation.\" >&2\n    exit 1\nfi\n";
			showEnvVarsInLog = 0;
		};
		62D52380D9CABDEC01352069 /* [CP] Copy Pods Resources */ = {
			isa = PBXShellScriptBuildPhase;
			buildActionMask = 2147483647;
			files = (
			);
			inputPaths = (
			);
			name = "[CP] Copy Pods Resources";
			outputPaths = (
			);
			runOnlyForDeploymentPostprocessing = 0;
			shellPath = /bin/sh;
			shellScript = "\"${SRCROOT}/Pods/Target Support Files/Pods-ddots2/Pods-ddots2-resources.sh\"\n";
			showEnvVarsInLog = 0;
		};
		66E450813C08DCDAFD61D154 /* [CP] Check Pods Manifest.lock */ = {
			isa = PBXShellScriptBuildPhase;
			buildActionMask = 2147483647;
			files = (
			);
			inputPaths = (
			);
			name = "[CP] Check Pods Manifest.lock";
			outputPaths = (
			);
			runOnlyForDeploymentPostprocessing = 0;
			shellPath = /bin/sh;
			shellScript = "diff \"${PODS_ROOT}/../Podfile.lock\" \"${PODS_ROOT}/Manifest.lock\" > /dev/null\nif [ $? != 0 ] ; then\n    # print error to STDERR\n    echo \"error: The sandbox is not in sync with the Podfile.lock. Run 'pod install' or update your CocoaPods installation.\" >&2\n    exit 1\nfi\n";
			showEnvVarsInLog = 0;
		};
		8DBA2E504F382FFCA340745B /* [CP] Embed Pods Frameworks */ = {
			isa = PBXShellScriptBuildPhase;
			buildActionMask = 2147483647;
			files = (
			);
			inputPaths = (
			);
			name = "[CP] Embed Pods Frameworks";
			outputPaths = (
			);
			runOnlyForDeploymentPostprocessing = 0;
			shellPath = /bin/sh;
			shellScript = "\"${SRCROOT}/Pods/Target Support Files/Pods-ddots2UITests/Pods-ddots2UITests-frameworks.sh\"\n";
			showEnvVarsInLog = 0;
		};
		D076E28C7145FBF2394026CA /* [CP] Embed Pods Frameworks */ = {
			isa = PBXShellScriptBuildPhase;
			buildActionMask = 2147483647;
			files = (
			);
			inputPaths = (
			);
			name = "[CP] Embed Pods Frameworks";
			outputPaths = (
			);
			runOnlyForDeploymentPostprocessing = 0;
			shellPath = /bin/sh;
			shellScript = "\"${SRCROOT}/Pods/Target Support Files/Pods-ddots2/Pods-ddots2-frameworks.sh\"\n";
			showEnvVarsInLog = 0;
		};
/* End PBXShellScriptBuildPhase section */

/* Begin PBXSourcesBuildPhase section */
		8617AE081E15A1B400D13B90 /* Sources */ = {
			isa = PBXSourcesBuildPhase;
			buildActionMask = 2147483647;
			files = (
				8617AE161E15A1B400D13B90 /* GameScene.swift in Sources */,
				8617AE181E15A1B400D13B90 /* GameViewController.swift in Sources */,
				86D1967E1E1B765C00D5B43A /* ViewControllerExtension.swift in Sources */,
				86E152EA1E1760080094D0D9 /* README.md in Sources */,
				8617AE101E15A1B400D13B90 /* AppDelegate.swift in Sources */,
				86D1967C1E1B718100D5B43A /* NetworkActivityIndicatorManager.swift in Sources */,
			);
			runOnlyForDeploymentPostprocessing = 0;
		};
		8617AE221E15A1B400D13B90 /* Sources */ = {
			isa = PBXSourcesBuildPhase;
			buildActionMask = 2147483647;
			files = (
				8617AE2B1E15A1B400D13B90 /* ddots2Tests.swift in Sources */,
			);
			runOnlyForDeploymentPostprocessing = 0;
		};
		8617AE2D1E15A1B400D13B90 /* Sources */ = {
			isa = PBXSourcesBuildPhase;
			buildActionMask = 2147483647;
			files = (
				8617AE361E15A1B400D13B90 /* ddots2UITests.swift in Sources */,
			);
			runOnlyForDeploymentPostprocessing = 0;
		};
/* End PBXSourcesBuildPhase section */

/* Begin PBXTargetDependency section */
		8617AE281E15A1B400D13B90 /* PBXTargetDependency */ = {
			isa = PBXTargetDependency;
			target = 8617AE0B1E15A1B400D13B90 /* ddots2 */;
			targetProxy = 8617AE271E15A1B400D13B90 /* PBXContainerItemProxy */;
		};
		8617AE331E15A1B400D13B90 /* PBXTargetDependency */ = {
			isa = PBXTargetDependency;
			target = 8617AE0B1E15A1B400D13B90 /* ddots2 */;
			targetProxy = 8617AE321E15A1B400D13B90 /* PBXContainerItemProxy */;
		};
/* End PBXTargetDependency section */

/* Begin PBXVariantGroup section */
		8617AE191E15A1B400D13B90 /* Main.storyboard */ = {
			isa = PBXVariantGroup;
			children = (
				8617AE1A1E15A1B400D13B90 /* Base */,
			);
			name = Main.storyboard;
			sourceTree = "<group>";
		};
/* End PBXVariantGroup section */

/* Begin XCBuildConfiguration section */
		8617AE381E15A1B400D13B90 /* Debug */ = {
			isa = XCBuildConfiguration;
			buildSettings = {
				ALWAYS_SEARCH_USER_PATHS = NO;
				CLANG_ANALYZER_NONNULL = YES;
				CLANG_CXX_LANGUAGE_STANDARD = "gnu++0x";
				CLANG_CXX_LIBRARY = "libc++";
				CLANG_ENABLE_MODULES = YES;
				CLANG_ENABLE_OBJC_ARC = YES;
				CLANG_WARN_BOOL_CONVERSION = YES;
				CLANG_WARN_CONSTANT_CONVERSION = YES;
				CLANG_WARN_DIRECT_OBJC_ISA_USAGE = YES_ERROR;
				CLANG_WARN_DOCUMENTATION_COMMENTS = YES;
				CLANG_WARN_EMPTY_BODY = YES;
				CLANG_WARN_ENUM_CONVERSION = YES;
				CLANG_WARN_INFINITE_RECURSION = YES;
				CLANG_WARN_INT_CONVERSION = YES;
				CLANG_WARN_OBJC_ROOT_CLASS = YES_ERROR;
				CLANG_WARN_SUSPICIOUS_MOVE = YES;
				CLANG_WARN_UNREACHABLE_CODE = YES;
				CLANG_WARN__DUPLICATE_METHOD_MATCH = YES;
				"CODE_SIGN_IDENTITY[sdk=iphoneos*]" = "iPhone Developer";
				COPY_PHASE_STRIP = NO;
				DEBUG_INFORMATION_FORMAT = dwarf;
				ENABLE_STRICT_OBJC_MSGSEND = YES;
				ENABLE_TESTABILITY = YES;
				GCC_C_LANGUAGE_STANDARD = gnu99;
				GCC_DYNAMIC_NO_PIC = NO;
				GCC_NO_COMMON_BLOCKS = YES;
				GCC_OPTIMIZATION_LEVEL = 0;
				GCC_PREPROCESSOR_DEFINITIONS = (
					"DEBUG=1",
					"$(inherited)",
				);
				GCC_WARN_64_TO_32_BIT_CONVERSION = YES;
				GCC_WARN_ABOUT_RETURN_TYPE = YES_ERROR;
				GCC_WARN_UNDECLARED_SELECTOR = YES;
				GCC_WARN_UNINITIALIZED_AUTOS = YES_AGGRESSIVE;
				GCC_WARN_UNUSED_FUNCTION = YES;
				GCC_WARN_UNUSED_VARIABLE = YES;
				IPHONEOS_DEPLOYMENT_TARGET = 10.2;
				MTL_ENABLE_DEBUG_INFO = YES;
				ONLY_ACTIVE_ARCH = YES;
				SDKROOT = iphoneos;
				SWIFT_ACTIVE_COMPILATION_CONDITIONS = DEBUG;
				SWIFT_OPTIMIZATION_LEVEL = "-Onone";
				TARGETED_DEVICE_FAMILY = "1,2";
			};
			name = Debug;
		};
		8617AE391E15A1B400D13B90 /* Release */ = {
			isa = XCBuildConfiguration;
			buildSettings = {
				ALWAYS_SEARCH_USER_PATHS = NO;
				CLANG_ANALYZER_NONNULL = YES;
				CLANG_CXX_LANGUAGE_STANDARD = "gnu++0x";
				CLANG_CXX_LIBRARY = "libc++";
				CLANG_ENABLE_MODULES = YES;
				CLANG_ENABLE_OBJC_ARC = YES;
				CLANG_WARN_BOOL_CONVERSION = YES;
				CLANG_WARN_CONSTANT_CONVERSION = YES;
				CLANG_WARN_DIRECT_OBJC_ISA_USAGE = YES_ERROR;
				CLANG_WARN_DOCUMENTATION_COMMENTS = YES;
				CLANG_WARN_EMPTY_BODY = YES;
				CLANG_WARN_ENUM_CONVERSION = YES;
				CLANG_WARN_INFINITE_RECURSION = YES;
				CLANG_WARN_INT_CONVERSION = YES;
				CLANG_WARN_OBJC_ROOT_CLASS = YES_ERROR;
				CLANG_WARN_SUSPICIOUS_MOVE = YES;
				CLANG_WARN_UNREACHABLE_CODE = YES;
				CLANG_WARN__DUPLICATE_METHOD_MATCH = YES;
				"CODE_SIGN_IDENTITY[sdk=iphoneos*]" = "iPhone Developer";
				COPY_PHASE_STRIP = NO;
				DEBUG_INFORMATION_FORMAT = "dwarf-with-dsym";
				ENABLE_NS_ASSERTIONS = NO;
				ENABLE_STRICT_OBJC_MSGSEND = YES;
				GCC_C_LANGUAGE_STANDARD = gnu99;
				GCC_NO_COMMON_BLOCKS = YES;
				GCC_WARN_64_TO_32_BIT_CONVERSION = YES;
				GCC_WARN_ABOUT_RETURN_TYPE = YES_ERROR;
				GCC_WARN_UNDECLARED_SELECTOR = YES;
				GCC_WARN_UNINITIALIZED_AUTOS = YES_AGGRESSIVE;
				GCC_WARN_UNUSED_FUNCTION = YES;
				GCC_WARN_UNUSED_VARIABLE = YES;
				IPHONEOS_DEPLOYMENT_TARGET = 10.2;
				MTL_ENABLE_DEBUG_INFO = NO;
				SDKROOT = iphoneos;
				SWIFT_OPTIMIZATION_LEVEL = "-Owholemodule";
				TARGETED_DEVICE_FAMILY = "1,2";
				VALIDATE_PRODUCT = YES;
			};
			name = Release;
		};
		8617AE3B1E15A1B400D13B90 /* Debug */ = {
			isa = XCBuildConfiguration;
			baseConfigurationReference = 926E85019767225C458EF742 /* Pods-ddots2.debug.xcconfig */;
			buildSettings = {
				ALWAYS_EMBED_SWIFT_STANDARD_LIBRARIES = YES;
				ASSETCATALOG_COMPILER_APPICON_NAME = AppIcon;
				ASSETCATALOG_COMPILER_LAUNCHIMAGE_NAME = LaunchImage;
				DEVELOPMENT_TEAM = S6V7RL6ERR;
				FRAMEWORK_SEARCH_PATHS = (
					"$(inherited)",
					"$(PROJECT_DIR)/ddots2",
				);
				INFOPLIST_FILE = ddots2/Info.plist;
				IPHONEOS_DEPLOYMENT_TARGET = 10.0;
				LD_RUNPATH_SEARCH_PATHS = "$(inherited) @executable_path/Frameworks";
				PRODUCT_BUNDLE_IDENTIFIER = com.platiplur.ddots2;
				PRODUCT_NAME = "$(TARGET_NAME)";
				SWIFT_VERSION = 3.0;
			};
			name = Debug;
		};
		8617AE3C1E15A1B400D13B90 /* Release */ = {
			isa = XCBuildConfiguration;
			baseConfigurationReference = E74AC11CDD4DF4A8CF91F771 /* Pods-ddots2.release.xcconfig */;
			buildSettings = {
				ALWAYS_EMBED_SWIFT_STANDARD_LIBRARIES = YES;
				ASSETCATALOG_COMPILER_APPICON_NAME = AppIcon;
				ASSETCATALOG_COMPILER_LAUNCHIMAGE_NAME = LaunchImage;
				DEVELOPMENT_TEAM = S6V7RL6ERR;
				FRAMEWORK_SEARCH_PATHS = (
					"$(inherited)",
					"$(PROJECT_DIR)/ddots2",
				);
				INFOPLIST_FILE = ddots2/Info.plist;
				IPHONEOS_DEPLOYMENT_TARGET = 10.0;
				LD_RUNPATH_SEARCH_PATHS = "$(inherited) @executable_path/Frameworks";
				PRODUCT_BUNDLE_IDENTIFIER = com.platiplur.ddots2;
				PRODUCT_NAME = "$(TARGET_NAME)";
				SWIFT_VERSION = 3.0;
			};
			name = Release;
		};
		8617AE3E1E15A1B400D13B90 /* Debug */ = {
			isa = XCBuildConfiguration;
			baseConfigurationReference = 30DA5E2E1E80D67E77BA8A83 /* Pods-ddots2Tests.debug.xcconfig */;
			buildSettings = {
				ALWAYS_EMBED_SWIFT_STANDARD_LIBRARIES = "$(inherited)";
				BUNDLE_LOADER = "$(TEST_HOST)";
				DEVELOPMENT_TEAM = S6V7RL6ERR;
				INFOPLIST_FILE = ddots2Tests/Info.plist;
				LD_RUNPATH_SEARCH_PATHS = "$(inherited) @executable_path/Frameworks @loader_path/Frameworks";
				PRODUCT_BUNDLE_IDENTIFIER = com.platiplur.ddots2Tests;
				PRODUCT_NAME = "$(TARGET_NAME)";
				SWIFT_VERSION = 3.0;
				TEST_HOST = "$(BUILT_PRODUCTS_DIR)/ddots2.app/ddots2";
			};
			name = Debug;
		};
		8617AE3F1E15A1B400D13B90 /* Release */ = {
			isa = XCBuildConfiguration;
			baseConfigurationReference = 715E255F958AD9C87C96618C /* Pods-ddots2Tests.release.xcconfig */;
			buildSettings = {
				ALWAYS_EMBED_SWIFT_STANDARD_LIBRARIES = "$(inherited)";
				BUNDLE_LOADER = "$(TEST_HOST)";
				DEVELOPMENT_TEAM = S6V7RL6ERR;
				INFOPLIST_FILE = ddots2Tests/Info.plist;
				LD_RUNPATH_SEARCH_PATHS = "$(inherited) @executable_path/Frameworks @loader_path/Frameworks";
				PRODUCT_BUNDLE_IDENTIFIER = com.platiplur.ddots2Tests;
				PRODUCT_NAME = "$(TARGET_NAME)";
				SWIFT_VERSION = 3.0;
				TEST_HOST = "$(BUILT_PRODUCTS_DIR)/ddots2.app/ddots2";
			};
			name = Release;
		};
		8617AE411E15A1B400D13B90 /* Debug */ = {
			isa = XCBuildConfiguration;
			baseConfigurationReference = 37F7B349D431776B1D7FEB75 /* Pods-ddots2UITests.debug.xcconfig */;
			buildSettings = {
				ALWAYS_EMBED_SWIFT_STANDARD_LIBRARIES = "$(inherited)";
				DEVELOPMENT_TEAM = S6V7RL6ERR;
				INFOPLIST_FILE = ddots2UITests/Info.plist;
				LD_RUNPATH_SEARCH_PATHS = "$(inherited) @executable_path/Frameworks @loader_path/Frameworks";
				PRODUCT_BUNDLE_IDENTIFIER = com.platiplur.ddots2UITests;
				PRODUCT_NAME = "$(TARGET_NAME)";
				SWIFT_VERSION = 3.0;
				TEST_TARGET_NAME = ddots2;
			};
			name = Debug;
		};
		8617AE421E15A1B400D13B90 /* Release */ = {
			isa = XCBuildConfiguration;
			baseConfigurationReference = A4591703B5DD4D5328836D7A /* Pods-ddots2UITests.release.xcconfig */;
			buildSettings = {
				ALWAYS_EMBED_SWIFT_STANDARD_LIBRARIES = "$(inherited)";
				DEVELOPMENT_TEAM = S6V7RL6ERR;
				INFOPLIST_FILE = ddots2UITests/Info.plist;
				LD_RUNPATH_SEARCH_PATHS = "$(inherited) @executable_path/Frameworks @loader_path/Frameworks";
				PRODUCT_BUNDLE_IDENTIFIER = com.platiplur.ddots2UITests;
				PRODUCT_NAME = "$(TARGET_NAME)";
				SWIFT_VERSION = 3.0;
				TEST_TARGET_NAME = ddots2;
			};
			name = Release;
		};
/* End XCBuildConfiguration section */

/* Begin XCConfigurationList section */
		8617AE071E15A1B400D13B90 /* Build configuration list for PBXProject "ddots2" */ = {
			isa = XCConfigurationList;
			buildConfigurations = (
				8617AE381E15A1B400D13B90 /* Debug */,
				8617AE391E15A1B400D13B90 /* Release */,
			);
			defaultConfigurationIsVisible = 0;
			defaultConfigurationName = Release;
		};
		8617AE3A1E15A1B400D13B90 /* Build configuration list for PBXNativeTarget "ddots2" */ = {
			isa = XCConfigurationList;
			buildConfigurations = (
				8617AE3B1E15A1B400D13B90 /* Debug */,
				8617AE3C1E15A1B400D13B90 /* Release */,
			);
			defaultConfigurationIsVisible = 0;
			defaultConfigurationName = Release;
		};
		8617AE3D1E15A1B400D13B90 /* Build configuration list for PBXNativeTarget "ddots2Tests" */ = {
			isa = XCConfigurationList;
			buildConfigurations = (
				8617AE3E1E15A1B400D13B90 /* Debug */,
				8617AE3F1E15A1B400D13B90 /* Release */,
			);
			defaultConfigurationIsVisible = 0;
			defaultConfigurationName = Release;
		};
		8617AE401E15A1B400D13B90 /* Build configuration list for PBXNativeTarget "ddots2UITests" */ = {
			isa = XCConfigurationList;
			buildConfigurations = (
				8617AE411E15A1B400D13B90 /* Debug */,
				8617AE421E15A1B400D13B90 /* Release */,
			);
			defaultConfigurationIsVisible = 0;
			defaultConfigurationName = Release;
		};
/* End XCConfigurationList section */
	};
	rootObject = 8617AE041E15A1B400D13B90 /* Project object */;
}
